
Microsoft Visual Studio Solution File, Format Version 12.00
# Visual Studio Version 16
VisualStudioVersion = 16.0.30320.27
MinimumVisualStudioVersion = 10.0.40219.1
Project("{FAE04EC0-301F-11D3-BF4B-00C04F79EFBC}") = "ProcessDuplicatesTarget", "ProcessDuplicatesTarget\ProcessDuplicatesTarget.csproj", "{6648C7C8-23ED-4F60-BD0E-7B940C93DA2B}"
EndProject
Global
	GlobalSection(SolutionConfigurationPlatforms) = preSolution
		Debug|Any CPU = Debug|Any CPU
		Release|Any CPU = Release|Any CPU
	EndGlobalSection
	GlobalSection(ProjectConfigurationPlatforms) = postSolution
		{6648C7C8-23ED-4F60-BD0E-7B940C93DA2B}.Debug|Any CPU.ActiveCfg = Debug|Any CPU
		{6648C7C8-23ED-4F60-BD0E-7B940C93DA2B}.Debug|Any CPU.Build.0 = Debug|Any CPU
		{6648C7C8-23ED-4F60-BD0E-7B940C93DA2B}.Release|Any CPU.ActiveCfg = Release|Any CPU
		{6648C7C8-23ED-4F60-BD0E-7B940C93DA2B}.Release|Any CPU.Build.0 = Release|Any CPU
	EndGlobalSection
	GlobalSection(SolutionProperties) = preSolution
		HideSolutionNode = FALSE
	EndGlobalSection
	GlobalSection(ExtensibilityGlobals) = postSolution
		SolutionGuid = {21AA7137-2F1C-4FF4-8867-87962F689038}
	EndGlobalSection
EndGlobal
